// !$*UTF8*$!
{
	archiveVersion = 1;
	classes = {
	};
	objectVersion = 56;
	objects = {

/* Begin PBXBuildFile section */
		177041A42C26201000C17E23 /* LabeledSlider.swift in Sources */ = {isa = PBXBuildFile; fileRef = 177041A32C26201000C17E23 /* LabeledSlider.swift */; };
		178C38992C25B93C00F0A253 /* Renderer.swift in Sources */ = {isa = PBXBuildFile; fileRef = 178C38982C25B93C00F0A253 /* Renderer.swift */; };
		17AAA02B2C25018B007EE5D8 /* RGBXApp.swift in Sources */ = {isa = PBXBuildFile; fileRef = 17AAA02A2C25018B007EE5D8 /* RGBXApp.swift */; };
		17AAA02D2C25018B007EE5D8 /* ContentView.swift in Sources */ = {isa = PBXBuildFile; fileRef = 17AAA02C2C25018B007EE5D8 /* ContentView.swift */; };
		17AAA02F2C25018C007EE5D8 /* Assets.xcassets in Resources */ = {isa = PBXBuildFile; fileRef = 17AAA02E2C25018C007EE5D8 /* Assets.xcassets */; };
		17AAA0322C25018C007EE5D8 /* Preview Assets.xcassets in Resources */ = {isa = PBXBuildFile; fileRef = 17AAA0312C25018C007EE5D8 /* Preview Assets.xcassets */; };
		17AAA03A2C252DEF007EE5D8 /* Shaders.metal in Sources */ = {isa = PBXBuildFile; fileRef = 17AAA0392C252DEF007EE5D8 /* Shaders.metal */; };
		17AAA03C2C2533E1007EE5D8 /* MetalView.swift in Sources */ = {isa = PBXBuildFile; fileRef = 17AAA03B2C2533E1007EE5D8 /* MetalView.swift */; };
/* End PBXBuildFile section */

/* Begin PBXFileReference section */
		177041A32C26201000C17E23 /* LabeledSlider.swift */ = {isa = PBXFileReference; lastKnownFileType = sourcecode.swift; path = LabeledSlider.swift; sourceTree = "<group>"; };
		178C38982C25B93C00F0A253 /* Renderer.swift */ = {isa = PBXFileReference; lastKnownFileType = sourcecode.swift; path = Renderer.swift; sourceTree = "<group>"; };
		17AAA0272C25018B007EE5D8 /* RGBX.app */ = {isa = PBXFileReference; explicitFileType = wrapper.application; includeInIndex = 0; path = RGBX.app; sourceTree = BUILT_PRODUCTS_DIR; };
		17AAA02A2C25018B007EE5D8 /* RGBXApp.swift */ = {isa = PBXFileReference; lastKnownFileType = sourcecode.swift; path = RGBXApp.swift; sourceTree = "<group>"; };
		17AAA02C2C25018B007EE5D8 /* ContentView.swift */ = {isa = PBXFileReference; lastKnownFileType = sourcecode.swift; path = ContentView.swift; sourceTree = "<group>"; };
		17AAA02E2C25018C007EE5D8 /* Assets.xcassets */ = {isa = PBXFileReference; lastKnownFileType = folder.assetcatalog; path = Assets.xcassets; sourceTree = "<group>"; };
		17AAA0312C25018C007EE5D8 /* Preview Assets.xcassets */ = {isa = PBXFileReference; lastKnownFileType = folder.assetcatalog; path = "Preview Assets.xcassets"; sourceTree = "<group>"; };
		17AAA0332C25018C007EE5D8 /* RGBX.entitlements */ = {isa = PBXFileReference; lastKnownFileType = text.plist.entitlements; path = RGBX.entitlements; sourceTree = "<group>"; };
		17AAA0392C252DEF007EE5D8 /* Shaders.metal */ = {isa = PBXFileReference; lastKnownFileType = sourcecode.metal; path = Shaders.metal; sourceTree = "<group>"; };
		17AAA03B2C2533E1007EE5D8 /* MetalView.swift */ = {isa = PBXFileReference; lastKnownFileType = sourcecode.swift; path = MetalView.swift; sourceTree = "<group>"; };
/* End PBXFileReference section */

/* Begin PBXFrameworksBuildPhase section */
		17AAA0242C25018B007EE5D8 /* Frameworks */ = {
			isa = PBXFrameworksBuildPhase;
			buildActionMask = 2147483647;
			files = (
			);
			runOnlyForDeploymentPostprocessing = 0;
		};
/* End PBXFrameworksBuildPhase section */

/* Begin PBXGroup section */
		177041A22C261FFB00C17E23 /* UI_Utilities */ = {
			isa = PBXGroup;
			children = (
				177041A32C26201000C17E23 /* LabeledSlider.swift */,
			);
			path = UI_Utilities;
			sourceTree = "<group>";
		};
		17AAA01E2C25018B007EE5D8 = {
			isa = PBXGroup;
			children = (
				17AAA0292C25018B007EE5D8 /* RGBX */,
				17AAA0282C25018B007EE5D8 /* Products */,
			);
			sourceTree = "<group>";
		};
		17AAA0282C25018B007EE5D8 /* Products */ = {
			isa = PBXGroup;
			children = (
				17AAA0272C25018B007EE5D8 /* RGBX.app */,
			);
			name = Products;
			sourceTree = "<group>";
		};
		17AAA0292C25018B007EE5D8 /* RGBX */ = {
			isa = PBXGroup;
			children = (
				17AAA0392C252DEF007EE5D8 /* Shaders.metal */,
				17AAA02A2C25018B007EE5D8 /* RGBXApp.swift */,
				178C38982C25B93C00F0A253 /* Renderer.swift */,
				17AAA03B2C2533E1007EE5D8 /* MetalView.swift */,
				17AAA02C2C25018B007EE5D8 /* ContentView.swift */,
				177041A22C261FFB00C17E23 /* UI_Utilities */,
				17AAA02E2C25018C007EE5D8 /* Assets.xcassets */,
				17AAA0332C25018C007EE5D8 /* RGBX.entitlements */,
				17AAA0302C25018C007EE5D8 /* Preview Content */,
			);
			path = RGBX;
			sourceTree = "<group>";
		};
		17AAA0302C25018C007EE5D8 /* Preview Content */ = {
			isa = PBXGroup;
			children = (
				17AAA0312C25018C007EE5D8 /* Preview Assets.xcassets */,
			);
			path = "Preview Content";
			sourceTree = "<group>";
		};
/* End PBXGroup section */

/* Begin PBXNativeTarget section */
		17AAA0262C25018B007EE5D8 /* RGBX */ = {
			isa = PBXNativeTarget;
			buildConfigurationList = 17AAA0362C25018C007EE5D8 /* Build configuration list for PBXNativeTarget "RGBX" */;
			buildPhases = (
				17AAA0232C25018B007EE5D8 /* Sources */,
				17AAA0242C25018B007EE5D8 /* Frameworks */,
				17AAA0252C25018B007EE5D8 /* Resources */,
			);
			buildRules = (
			);
			dependencies = (
			);
			name = RGBX;
			productName = RGBX;
			productReference = 17AAA0272C25018B007EE5D8 /* RGBX.app */;
			productType = "com.apple.product-type.application";
		};
/* End PBXNativeTarget section */

/* Begin PBXProject section */
		17AAA01F2C25018B007EE5D8 /* Project object */ = {
			isa = PBXProject;
			attributes = {
				BuildIndependentTargetsInParallel = 1;
				LastSwiftUpdateCheck = 1530;
				LastUpgradeCheck = 1530;
				TargetAttributes = {
					17AAA0262C25018B007EE5D8 = {
						CreatedOnToolsVersion = 15.3;
					};
				};
			};
			buildConfigurationList = 17AAA0222C25018B007EE5D8 /* Build configuration list for PBXProject "RGBX" */;
			compatibilityVersion = "Xcode 14.0";
			developmentRegion = en;
			hasScannedForEncodings = 0;
			knownRegions = (
				en,
				Base,
			);
			mainGroup = 17AAA01E2C25018B007EE5D8;
			productRefGroup = 17AAA0282C25018B007EE5D8 /* Products */;
			projectDirPath = "";
			projectRoot = "";
			targets = (
				17AAA0262C25018B007EE5D8 /* RGBX */,
			);
		};
/* End PBXProject section */

/* Begin PBXResourcesBuildPhase section */
		17AAA0252C25018B007EE5D8 /* Resources */ = {
			isa = PBXResourcesBuildPhase;
			buildActionMask = 2147483647;
			files = (
				17AAA0322C25018C007EE5D8 /* Preview Assets.xcassets in Resources */,
				17AAA02F2C25018C007EE5D8 /* Assets.xcassets in Resources */,
			);
			runOnlyForDeploymentPostprocessing = 0;
		};
/* End PBXResourcesBuildPhase section */

/* Begin PBXSourcesBuildPhase section */
		17AAA0232C25018B007EE5D8 /* Sources */ = {
			isa = PBXSourcesBuildPhase;
			buildActionMask = 2147483647;
			files = (
				17AAA03C2C2533E1007EE5D8 /* MetalView.swift in Sources */,
				17AAA03A2C252DEF007EE5D8 /* Shaders.metal in Sources */,
				177041A42C26201000C17E23 /* LabeledSlider.swift in Sources */,
				17AAA02D2C25018B007EE5D8 /* ContentView.swift in Sources */,
				178C38992C25B93C00F0A253 /* Renderer.swift in Sources */,
				17AAA02B2C25018B007EE5D8 /* RGBXApp.swift in Sources */,
			);
			runOnlyForDeploymentPostprocessing = 0;
		};
/* End PBXSourcesBuildPhase section */

/* Begin XCBuildConfiguration section */
		17AAA0342C25018C007EE5D8 /* Debug */ = {
			isa = XCBuildConfiguration;
			buildSettings = {
				ALWAYS_SEARCH_USER_PATHS = NO;
				ASSETCATALOG_COMPILER_GENERATE_SWIFT_ASSET_SYMBOL_EXTENSIONS = YES;
				CLANG_ANALYZER_NONNULL = YES;
				CLANG_ANALYZER_NUMBER_OBJECT_CONVERSION = YES_AGGRESSIVE;
				CLANG_CXX_LANGUAGE_STANDARD = "gnu++20";
				CLANG_ENABLE_MODULES = YES;
				CLANG_ENABLE_OBJC_ARC = YES;
				CLANG_ENABLE_OBJC_WEAK = YES;
				CLANG_WARN_BLOCK_CAPTURE_AUTORELEASING = YES;
				CLANG_WARN_BOOL_CONVERSION = YES;
				CLANG_WARN_COMMA = YES;
				CLANG_WARN_CONSTANT_CONVERSION = YES;
				CLANG_WARN_DEPRECATED_OBJC_IMPLEMENTATIONS = YES;
				CLANG_WARN_DIRECT_OBJC_ISA_USAGE = YES_ERROR;
				CLANG_WARN_DOCUMENTATION_COMMENTS = YES;
				CLANG_WARN_EMPTY_BODY = YES;
				CLANG_WARN_ENUM_CONVERSION = YES;
				CLANG_WARN_INFINITE_RECURSION = YES;
				CLANG_WARN_INT_CONVERSION = YES;
				CLANG_WARN_NON_LITERAL_NULL_CONVERSION = YES;
				CLANG_WARN_OBJC_IMPLICIT_RETAIN_SELF = YES;
				CLANG_WARN_OBJC_LITERAL_CONVERSION = YES;
				CLANG_WARN_OBJC_ROOT_CLASS = YES_ERROR;
				CLANG_WARN_QUOTED_INCLUDE_IN_FRAMEWORK_HEADER = YES;
				CLANG_WARN_RANGE_LOOP_ANALYSIS = YES;
				CLANG_WARN_STRICT_PROTOTYPES = YES;
				CLANG_WARN_SUSPICIOUS_MOVE = YES;
				CLANG_WARN_UNGUARDED_AVAILABILITY = YES_AGGRESSIVE;
				CLANG_WARN_UNREACHABLE_CODE = YES;
				CLANG_WARN__DUPLICATE_METHOD_MATCH = YES;
				COPY_PHASE_STRIP = NO;
				DEBUG_INFORMATION_FORMAT = dwarf;
				ENABLE_STRICT_OBJC_MSGSEND = YES;
				ENABLE_TESTABILITY = YES;
				ENABLE_USER_SCRIPT_SANDBOXING = YES;
				GCC_C_LANGUAGE_STANDARD = gnu17;
				GCC_DYNAMIC_NO_PIC = NO;
				GCC_NO_COMMON_BLOCKS = YES;
				GCC_OPTIMIZATION_LEVEL = 0;
				GCC_PREPROCESSOR_DEFINITIONS = (
					"DEBUG=1",
					"$(inherited)",
				);
				GCC_WARN_64_TO_32_BIT_CONVERSION = YES;
				GCC_WARN_ABOUT_RETURN_TYPE = YES_ERROR;
				GCC_WARN_UNDECLARED_SELECTOR = YES;
				GCC_WARN_UNINITIALIZED_AUTOS = YES_AGGRESSIVE;
				GCC_WARN_UNUSED_FUNCTION = YES;
				GCC_WARN_UNUSED_VARIABLE = YES;
				LOCALIZATION_PREFERS_STRING_CATALOGS = YES;
				MACOSX_DEPLOYMENT_TARGET = 14.4;
				MTL_ENABLE_DEBUG_INFO = INCLUDE_SOURCE;
				MTL_FAST_MATH = YES;
				ONLY_ACTIVE_ARCH = YES;
				SDKROOT = macosx;
				SWIFT_ACTIVE_COMPILATION_CONDITIONS = "DEBUG $(inherited)";
				SWIFT_OPTIMIZATION_LEVEL = "-Onone";
			};
			name = Debug;
		};
		17AAA0352C25018C007EE5D8 /* Release */ = {
			isa = XCBuildConfiguration;
			buildSettings = {
				ALWAYS_SEARCH_USER_PATHS = NO;
				ASSETCATALOG_COMPILER_GENERATE_SWIFT_ASSET_SYMBOL_EXTENSIONS = YES;
				CLANG_ANALYZER_NONNULL = YES;
				CLANG_ANALYZER_NUMBER_OBJECT_CONVERSION = YES_AGGRESSIVE;
				CLANG_CXX_LANGUAGE_STANDARD = "gnu++20";
				CLANG_ENABLE_MODULES = YES;
				CLANG_ENABLE_OBJC_ARC = YES;
				CLANG_ENABLE_OBJC_WEAK = YES;
				CLANG_WARN_BLOCK_CAPTURE_AUTORELEASING = YES;
				CLANG_WARN_BOOL_CONVERSION = YES;
				CLANG_WARN_COMMA = YES;
				CLANG_WARN_CONSTANT_CONVERSION = YES;
				CLANG_WARN_DEPRECATED_OBJC_IMPLEMENTATIONS = YES;
				CLANG_WARN_DIRECT_OBJC_ISA_USAGE = YES_ERROR;
				CLANG_WARN_DOCUMENTATION_COMMENTS = YES;
				CLANG_WARN_EMPTY_BODY = YES;
				CLANG_WARN_ENUM_CONVERSION = YES;
				CLANG_WARN_INFINITE_RECURSION = YES;
				CLANG_WARN_INT_CONVERSION = YES;
				CLANG_WARN_NON_LITERAL_NULL_CONVERSION = YES;
				CLANG_WARN_OBJC_IMPLICIT_RETAIN_SELF = YES;
				CLANG_WARN_OBJC_LITERAL_CONVERSION = YES;
				CLANG_WARN_OBJC_ROOT_CLASS = YES_ERROR;
				CLANG_WARN_QUOTED_INCLUDE_IN_FRAMEWORK_HEADER = YES;
				CLANG_WARN_RANGE_LOOP_ANALYSIS = YES;
				CLANG_WARN_STRICT_PROTOTYPES = YES;
				CLANG_WARN_SUSPICIOUS_MOVE = YES;
				CLANG_WARN_UNGUARDED_AVAILABILITY = YES_AGGRESSIVE;
				CLANG_WARN_UNREACHABLE_CODE = YES;
				CLANG_WARN__DUPLICATE_METHOD_MATCH = YES;
				COPY_PHASE_STRIP = NO;
				DEBUG_INFORMATION_FORMAT = "dwarf-with-dsym";
				ENABLE_NS_ASSERTIONS = NO;
				ENABLE_STRICT_OBJC_MSGSEND = YES;
				ENABLE_USER_SCRIPT_SANDBOXING = YES;
				GCC_C_LANGUAGE_STANDARD = gnu17;
				GCC_NO_COMMON_BLOCKS = YES;
				GCC_WARN_64_TO_32_BIT_CONVERSION = YES;
				GCC_WARN_ABOUT_RETURN_TYPE = YES_ERROR;
				GCC_WARN_UNDECLARED_SELECTOR = YES;
				GCC_WARN_UNINITIALIZED_AUTOS = YES_AGGRESSIVE;
				GCC_WARN_UNUSED_FUNCTION = YES;
				GCC_WARN_UNUSED_VARIABLE = YES;
				LOCALIZATION_PREFERS_STRING_CATALOGS = YES;
				MACOSX_DEPLOYMENT_TARGET = 14.4;
				MTL_ENABLE_DEBUG_INFO = NO;
				MTL_FAST_MATH = YES;
				SDKROOT = macosx;
				SWIFT_COMPILATION_MODE = wholemodule;
			};
			name = Release;
		};
		17AAA0372C25018C007EE5D8 /* Debug */ = {
			isa = XCBuildConfiguration;
			buildSettings = {
				ASSETCATALOG_COMPILER_APPICON_NAME = AppIcon;
				ASSETCATALOG_COMPILER_GLOBAL_ACCENT_COLOR_NAME = AccentColor;
				CODE_SIGN_ENTITLEMENTS = RGBX/RGBX.entitlements;
				CODE_SIGN_STYLE = Automatic;
				COMBINE_HIDPI_IMAGES = YES;
				CURRENT_PROJECT_VERSION = 1;
				DEVELOPMENT_ASSET_PATHS = "\"RGBX/Preview Content\"";
				DEVELOPMENT_TEAM = D3D2BJZUS3;
				ENABLE_HARDENED_RUNTIME = YES;
				ENABLE_PREVIEWS = YES;
				GENERATE_INFOPLIST_FILE = YES;
				INFOPLIST_KEY_NSHumanReadableCopyright = "";
				LD_RUNPATH_SEARCH_PATHS = (
					"$(inherited)",
					"@executable_path/../Frameworks",
				);
				MARKETING_VERSION = 1.0;
				PRODUCT_BUNDLE_IDENTIFIER = com.samhodak.RGBX;
				PRODUCT_NAME = "$(TARGET_NAME)";
				SWIFT_EMIT_LOC_STRINGS = YES;
				SWIFT_VERSION = 5.0;
			};
			name = Debug;
		};
		17AAA0382C25018C007EE5D8 /* Release */ = {
			isa = XCBuildConfiguration;
			buildSettings = {
				ASSETCATALOG_COMPILER_APPICON_NAME = AppIcon;
				ASSETCATALOG_COMPILER_GLOBAL_ACCENT_COLOR_NAME = AccentColor;
				CODE_SIGN_ENTITLEMENTS = RGBX/RGBX.entitlements;
				CODE_SIGN_STYLE = Automatic;
				COMBINE_HIDPI_IMAGES = YES;
				CURRENT_PROJECT_VERSION = 1;
				DEVELOPMENT_ASSET_PATHS = "\"RGBX/Preview Content\"";
				DEVELOPMENT_TEAM = D3D2BJZUS3;
				ENABLE_HARDENED_RUNTIME = YES;
				ENABLE_PREVIEWS = YES;
				GENERATE_INFOPLIST_FILE = YES;
				INFOPLIST_KEY_NSHumanReadableCopyright = "";
				LD_RUNPATH_SEARCH_PATHS = (
					"$(inherited)",
					"@executable_path/../Frameworks",
				);
				MARKETING_VERSION = 1.0;
				PRODUCT_BUNDLE_IDENTIFIER = com.samhodak.RGBX;
				PRODUCT_NAME = "$(TARGET_NAME)";
				SWIFT_EMIT_LOC_STRINGS = YES;
				SWIFT_VERSION = 5.0;
			};
			name = Release;
		};
/* End XCBuildConfiguration section */

/* Begin XCConfigurationList section */
		17AAA0222C25018B007EE5D8 /* Build configuration list for PBXProject "RGBX" */ = {
			isa = XCConfigurationList;
			buildConfigurations = (
				17AAA0342C25018C007EE5D8 /* Debug */,
				17AAA0352C25018C007EE5D8 /* Release */,
			);
			defaultConfigurationIsVisible = 0;
			defaultConfigurationName = Release;
		};
		17AAA0362C25018C007EE5D8 /* Build configuration list for PBXNativeTarget "RGBX" */ = {
			isa = XCConfigurationList;
			buildConfigurations = (
				17AAA0372C25018C007EE5D8 /* Debug */,
				17AAA0382C25018C007EE5D8 /* Release */,
			);
			defaultConfigurationIsVisible = 0;
			defaultConfigurationName = Release;
		};
/* End XCConfigurationList section */
	};
	rootObject = 17AAA01F2C25018B007EE5D8 /* Project object */;
}
